
Microsoft Visual Studio Solution File, Format Version 12.00
# Visual Studio Version 17
VisualStudioVersion = 17.11.35222.181
MinimumVisualStudioVersion = 10.0.40219.1
Project("{FAE04EC0-301F-11D3-BF4B-00C04F79EFBC}") = "EmployeeAdminPortal", "WebApplication11\EmployeeAdminPortal.csproj", "{591404F3-D56C-48F9-B837-11D21C115850}"
EndProject
Global
	GlobalSection(SolutionConfigurationPlatforms) = preSolution
		Debug|Any CPU = Debug|Any CPU
		Release|Any CPU = Release|Any CPU
	EndGlobalSection
	GlobalSection(ProjectConfigurationPlatforms) = postSolution
		{591404F3-D56C-48F9-B837-11D21C115850}.Debug|Any CPU.ActiveCfg = Debug|Any CPU
		{591404F3-D56C-48F9-B837-11D21C115850}.Debug|Any CPU.Build.0 = Debug|Any CPU
		{591404F3-D56C-48F9-B837-11D21C115850}.Release|Any CPU.ActiveCfg = Release|Any CPU
		{591404F3-D56C-48F9-B837-11D21C115850}.Release|Any CPU.Build.0 = Release|Any CPU
	EndGlobalSection
	GlobalSection(SolutionProperties) = preSolution
		HideSolutionNode = FALSE
	EndGlobalSection
	GlobalSection(ExtensibilityGlobals) = postSolution
		SolutionGuid = {747350EF-466A-4E64-A293-63DE1092E74A}
	EndGlobalSection
EndGlobal
